
Microsoft Visual Studio Solution File, Format Version 12.00
# Visual Studio Version 17
VisualStudioVersion = 17.13.35806.99 d17.13
MinimumVisualStudioVersion = 10.0.40219.1
Project("{FAE04EC0-301F-11D3-BF4B-00C04F79EFBC}") = "MachineLearning.WebApp", "MachineLearning.WebApp.csproj", "{49614D00-E142-41B2-A46E-2487CCCB36B2}"
EndProject
Global
	GlobalSection(SolutionConfigurationPlatforms) = preSolution
		Debug|Any CPU = Debug|Any CPU
		Release|Any CPU = Release|Any CPU
	EndGlobalSection
	GlobalSection(ProjectConfigurationPlatforms) = postSolution
		{49614D00-E142-41B2-A46E-2487CCCB36B2}.Debug|Any CPU.ActiveCfg = Debug|Any CPU
		{49614D00-E142-41B2-A46E-2487CCCB36B2}.Debug|Any CPU.Build.0 = Debug|Any CPU
		{49614D00-E142-41B2-A46E-2487CCCB36B2}.Release|Any CPU.ActiveCfg = Release|Any CPU
		{49614D00-E142-41B2-A46E-2487CCCB36B2}.Release|Any CPU.Build.0 = Release|Any CPU
	EndGlobalSection
	GlobalSection(SolutionProperties) = preSolution
		HideSolutionNode = FALSE
	EndGlobalSection
	GlobalSection(ExtensibilityGlobals) = postSolution
		SolutionGuid = {63966539-55E6-4296-9FD6-7E9E9F8CBA14}
	EndGlobalSection
EndGlobal
